// !$*UTF8*$!
{
	archiveVersion = 1;
	classes = {
	};
	objectVersion = 55;
	objects = {

/* Begin PBXBuildFile section */
		D1C1AD2B2801B28500DB3375 /* AppDelegate.swift in Sources */ = {isa = PBXBuildFile; fileRef = D1C1AD2A2801B28500DB3375 /* AppDelegate.swift */; };
		D1C1AD2D2801B28500DB3375 /* SceneDelegate.swift in Sources */ = {isa = PBXBuildFile; fileRef = D1C1AD2C2801B28500DB3375 /* SceneDelegate.swift */; };
		D1C1AD2F2801B28500DB3375 /* ViewController.swift in Sources */ = {isa = PBXBuildFile; fileRef = D1C1AD2E2801B28500DB3375 /* ViewController.swift */; };
		D1C1AD322801B28500DB3375 /* Main.storyboard in Resources */ = {isa = PBXBuildFile; fileRef = D1C1AD302801B28500DB3375 /* Main.storyboard */; };
		D1C1AD342801B28900DB3375 /* Assets.xcassets in Resources */ = {isa = PBXBuildFile; fileRef = D1C1AD332801B28900DB3375 /* Assets.xcassets */; };
		D1C1AD372801B28900DB3375 /* LaunchScreen.storyboard in Resources */ = {isa = PBXBuildFile; fileRef = D1C1AD352801B28900DB3375 /* LaunchScreen.storyboard */; };
		D1C1AD3F2801B31100DB3375 /* DogFact.swift in Sources */ = {isa = PBXBuildFile; fileRef = D1C1AD3E2801B31100DB3375 /* DogFact.swift */; };
		D1C1AD412801B50D00DB3375 /* NetworkManager.swift in Sources */ = {isa = PBXBuildFile; fileRef = D1C1AD402801B50D00DB3375 /* NetworkManager.swift */; };
/* End PBXBuildFile section */

/* Begin PBXFileReference section */
		D1C1AD272801B28500DB3375 /* DogFacts.app */ = {isa = PBXFileReference; explicitFileType = wrapper.application; includeInIndex = 0; path = DogFacts.app; sourceTree = BUILT_PRODUCTS_DIR; };
		D1C1AD2A2801B28500DB3375 /* AppDelegate.swift */ = {isa = PBXFileReference; lastKnownFileType = sourcecode.swift; path = AppDelegate.swift; sourceTree = "<group>"; };
		D1C1AD2C2801B28500DB3375 /* SceneDelegate.swift */ = {isa = PBXFileReference; lastKnownFileType = sourcecode.swift; path = SceneDelegate.swift; sourceTree = "<group>"; };
		D1C1AD2E2801B28500DB3375 /* ViewController.swift */ = {isa = PBXFileReference; lastKnownFileType = sourcecode.swift; path = ViewController.swift; sourceTree = "<group>"; };
		D1C1AD312801B28500DB3375 /* Base */ = {isa = PBXFileReference; lastKnownFileType = file.storyboard; name = Base; path = Base.lproj/Main.storyboard; sourceTree = "<group>"; };
		D1C1AD332801B28900DB3375 /* Assets.xcassets */ = {isa = PBXFileReference; lastKnownFileType = folder.assetcatalog; path = Assets.xcassets; sourceTree = "<group>"; };
		D1C1AD362801B28900DB3375 /* Base */ = {isa = PBXFileReference; lastKnownFileType = file.storyboard; name = Base; path = Base.lproj/LaunchScreen.storyboard; sourceTree = "<group>"; };
		D1C1AD382801B28900DB3375 /* Info.plist */ = {isa = PBXFileReference; lastKnownFileType = text.plist.xml; path = Info.plist; sourceTree = "<group>"; };
		D1C1AD3E2801B31100DB3375 /* DogFact.swift */ = {isa = PBXFileReference; lastKnownFileType = sourcecode.swift; path = DogFact.swift; sourceTree = "<group>"; };
		D1C1AD402801B50D00DB3375 /* NetworkManager.swift */ = {isa = PBXFileReference; lastKnownFileType = sourcecode.swift; path = NetworkManager.swift; sourceTree = "<group>"; };
/* End PBXFileReference section */

/* Begin PBXFrameworksBuildPhase section */
		D1C1AD242801B28500DB3375 /* Frameworks */ = {
			isa = PBXFrameworksBuildPhase;
			buildActionMask = 2147483647;
			files = (
			);
			runOnlyForDeploymentPostprocessing = 0;
		};
/* End PBXFrameworksBuildPhase section */

/* Begin PBXGroup section */
		D1C1AD1E2801B28500DB3375 = {
			isa = PBXGroup;
			children = (
				D1C1AD292801B28500DB3375 /* DogFacts */,
				D1C1AD282801B28500DB3375 /* Products */,
			);
			sourceTree = "<group>";
		};
		D1C1AD282801B28500DB3375 /* Products */ = {
			isa = PBXGroup;
			children = (
				D1C1AD272801B28500DB3375 /* DogFacts.app */,
			);
			name = Products;
			sourceTree = "<group>";
		};
		D1C1AD292801B28500DB3375 /* DogFacts */ = {
			isa = PBXGroup;
			children = (
				D1C1AD2A2801B28500DB3375 /* AppDelegate.swift */,
				D1C1AD2C2801B28500DB3375 /* SceneDelegate.swift */,
				D1C1AD3E2801B31100DB3375 /* DogFact.swift */,
				D1C1AD402801B50D00DB3375 /* NetworkManager.swift */,
				D1C1AD2E2801B28500DB3375 /* ViewController.swift */,
				D1C1AD302801B28500DB3375 /* Main.storyboard */,
				D1C1AD352801B28900DB3375 /* LaunchScreen.storyboard */,
				D1C1AD332801B28900DB3375 /* Assets.xcassets */,
				D1C1AD382801B28900DB3375 /* Info.plist */,
			);
			path = DogFacts;
			sourceTree = "<group>";
		};
/* End PBXGroup section */

/* Begin PBXNativeTarget section */
		D1C1AD262801B28500DB3375 /* DogFacts */ = {
			isa = PBXNativeTarget;
			buildConfigurationList = D1C1AD3B2801B28900DB3375 /* Build configuration list for PBXNativeTarget "DogFacts" */;
			buildPhases = (
				D1C1AD232801B28500DB3375 /* Sources */,
				D1C1AD242801B28500DB3375 /* Frameworks */,
				D1C1AD252801B28500DB3375 /* Resources */,
			);
			buildRules = (
			);
			dependencies = (
			);
			name = DogFacts;
			productName = DogFacts;
			productReference = D1C1AD272801B28500DB3375 /* DogFacts.app */;
			productType = "com.apple.product-type.application";
		};
/* End PBXNativeTarget section */

/* Begin PBXProject section */
		D1C1AD1F2801B28500DB3375 /* Project object */ = {
			isa = PBXProject;
			attributes = {
				BuildIndependentTargetsInParallel = 1;
				LastSwiftUpdateCheck = 1330;
				LastUpgradeCheck = 1330;
				TargetAttributes = {
					D1C1AD262801B28500DB3375 = {
						CreatedOnToolsVersion = 13.3;
					};
				};
			};
			buildConfigurationList = D1C1AD222801B28500DB3375 /* Build configuration list for PBXProject "DogFacts" */;
			compatibilityVersion = "Xcode 13.0";
			developmentRegion = en;
			hasScannedForEncodings = 0;
			knownRegions = (
				en,
				Base,
			);
			mainGroup = D1C1AD1E2801B28500DB3375;
			productRefGroup = D1C1AD282801B28500DB3375 /* Products */;
			projectDirPath = "";
			projectRoot = "";
			targets = (
				D1C1AD262801B28500DB3375 /* DogFacts */,
			);
		};
/* End PBXProject section */

/* Begin PBXResourcesBuildPhase section */
		D1C1AD252801B28500DB3375 /* Resources */ = {
			isa = PBXResourcesBuildPhase;
			buildActionMask = 2147483647;
			files = (
				D1C1AD372801B28900DB3375 /* LaunchScreen.storyboard in Resources */,
				D1C1AD342801B28900DB3375 /* Assets.xcassets in Resources */,
				D1C1AD322801B28500DB3375 /* Main.storyboard in Resources */,
			);
			runOnlyForDeploymentPostprocessing = 0;
		};
/* End PBXResourcesBuildPhase section */

/* Begin PBXSourcesBuildPhase section */
		D1C1AD232801B28500DB3375 /* Sources */ = {
			isa = PBXSourcesBuildPhase;
			buildActionMask = 2147483647;
			files = (
				D1C1AD2F2801B28500DB3375 /* ViewController.swift in Sources */,
				D1C1AD2B2801B28500DB3375 /* AppDelegate.swift in Sources */,
				D1C1AD412801B50D00DB3375 /* NetworkManager.swift in Sources */,
				D1C1AD3F2801B31100DB3375 /* DogFact.swift in Sources */,
				D1C1AD2D2801B28500DB3375 /* SceneDelegate.swift in Sources */,
			);
			runOnlyForDeploymentPostprocessing = 0;
		};
/* End PBXSourcesBuildPhase section */

/* Begin PBXVariantGroup section */
		D1C1AD302801B28500DB3375 /* Main.storyboard */ = {
			isa = PBXVariantGroup;
			children = (
				D1C1AD312801B28500DB3375 /* Base */,
			);
			name = Main.storyboard;
			sourceTree = "<group>";
		};
		D1C1AD352801B28900DB3375 /* LaunchScreen.storyboard */ = {
			isa = PBXVariantGroup;
			children = (
				D1C1AD362801B28900DB3375 /* Base */,
			);
			name = LaunchScreen.storyboard;
			sourceTree = "<group>";
		};
/* End PBXVariantGroup section */

/* Begin XCBuildConfiguration section */
		D1C1AD392801B28900DB3375 /* Debug */ = {
			isa = XCBuildConfiguration;
			buildSettings = {
				ALWAYS_SEARCH_USER_PATHS = NO;
				CLANG_ANALYZER_NONNULL = YES;
				CLANG_ANALYZER_NUMBER_OBJECT_CONVERSION = YES_AGGRESSIVE;
				CLANG_CXX_LANGUAGE_STANDARD = "gnu++17";
				CLANG_ENABLE_MODULES = YES;
				CLANG_ENABLE_OBJC_ARC = YES;
				CLANG_ENABLE_OBJC_WEAK = YES;
				CLANG_WARN_BLOCK_CAPTURE_AUTORELEASING = YES;
				CLANG_WARN_BOOL_CONVERSION = YES;
				CLANG_WARN_COMMA = YES;
				CLANG_WARN_CONSTANT_CONVERSION = YES;
				CLANG_WARN_DEPRECATED_OBJC_IMPLEMENTATIONS = YES;
				CLANG_WARN_DIRECT_OBJC_ISA_USAGE = YES_ERROR;
				CLANG_WARN_DOCUMENTATION_COMMENTS = YES;
				CLANG_WARN_EMPTY_BODY = YES;
				CLANG_WARN_ENUM_CONVERSION = YES;
				CLANG_WARN_INFINITE_RECURSION = YES;
				CLANG_WARN_INT_CONVERSION = YES;
				CLANG_WARN_NON_LITERAL_NULL_CONVERSION = YES;
				CLANG_WARN_OBJC_IMPLICIT_RETAIN_SELF = YES;
				CLANG_WARN_OBJC_LITERAL_CONVERSION = YES;
				CLANG_WARN_OBJC_ROOT_CLASS = YES_ERROR;
				CLANG_WARN_QUOTED_INCLUDE_IN_FRAMEWORK_HEADER = YES;
				CLANG_WARN_RANGE_LOOP_ANALYSIS = YES;
				CLANG_WARN_STRICT_PROTOTYPES = YES;
				CLANG_WARN_SUSPICIOUS_MOVE = YES;
				CLANG_WARN_UNGUARDED_AVAILABILITY = YES_AGGRESSIVE;
				CLANG_WARN_UNREACHABLE_CODE = YES;
				CLANG_WARN__DUPLICATE_METHOD_MATCH = YES;
				COPY_PHASE_STRIP = NO;
				DEBUG_INFORMATION_FORMAT = dwarf;
				ENABLE_STRICT_OBJC_MSGSEND = YES;
				ENABLE_TESTABILITY = YES;
				GCC_C_LANGUAGE_STANDARD = gnu11;
				GCC_DYNAMIC_NO_PIC = NO;
				GCC_NO_COMMON_BLOCKS = YES;
				GCC_OPTIMIZATION_LEVEL = 0;
				GCC_PREPROCESSOR_DEFINITIONS = (
					"DEBUG=1",
					"$(inherited)",
				);
				GCC_WARN_64_TO_32_BIT_CONVERSION = YES;
				GCC_WARN_ABOUT_RETURN_TYPE = YES_ERROR;
				GCC_WARN_UNDECLARED_SELECTOR = YES;
				GCC_WARN_UNINITIALIZED_AUTOS = YES_AGGRESSIVE;
				GCC_WARN_UNUSED_FUNCTION = YES;
				GCC_WARN_UNUSED_VARIABLE = YES;
				IPHONEOS_DEPLOYMENT_TARGET = 15.4;
				MTL_ENABLE_DEBUG_INFO = INCLUDE_SOURCE;
				MTL_FAST_MATH = YES;
				ONLY_ACTIVE_ARCH = YES;
				SDKROOT = iphoneos;
				SWIFT_ACTIVE_COMPILATION_CONDITIONS = DEBUG;
				SWIFT_OPTIMIZATION_LEVEL = "-Onone";
			};
			name = Debug;
		};
		D1C1AD3A2801B28900DB3375 /* Release */ = {
			isa = XCBuildConfiguration;
			buildSettings = {
				ALWAYS_SEARCH_USER_PATHS = NO;
				CLANG_ANALYZER_NONNULL = YES;
				CLANG_ANALYZER_NUMBER_OBJECT_CONVERSION = YES_AGGRESSIVE;
				CLANG_CXX_LANGUAGE_STANDARD = "gnu++17";
				CLANG_ENABLE_MODULES = YES;
				CLANG_ENABLE_OBJC_ARC = YES;
				CLANG_ENABLE_OBJC_WEAK = YES;
				CLANG_WARN_BLOCK_CAPTURE_AUTORELEASING = YES;
				CLANG_WARN_BOOL_CONVERSION = YES;
				CLANG_WARN_COMMA = YES;
				CLANG_WARN_CONSTANT_CONVERSION = YES;
				CLANG_WARN_DEPRECATED_OBJC_IMPLEMENTATIONS = YES;
				CLANG_WARN_DIRECT_OBJC_ISA_USAGE = YES_ERROR;
				CLANG_WARN_DOCUMENTATION_COMMENTS = YES;
				CLANG_WARN_EMPTY_BODY = YES;
				CLANG_WARN_ENUM_CONVERSION = YES;
				CLANG_WARN_INFINITE_RECURSION = YES;
				CLANG_WARN_INT_CONVERSION = YES;
				CLANG_WARN_NON_LITERAL_NULL_CONVERSION = YES;
				CLANG_WARN_OBJC_IMPLICIT_RETAIN_SELF = YES;
				CLANG_WARN_OBJC_LITERAL_CONVERSION = YES;
				CLANG_WARN_OBJC_ROOT_CLASS = YES_ERROR;
				CLANG_WARN_QUOTED_INCLUDE_IN_FRAMEWORK_HEADER = YES;
				CLANG_WARN_RANGE_LOOP_ANALYSIS = YES;
				CLANG_WARN_STRICT_PROTOTYPES = YES;
				CLANG_WARN_SUSPICIOUS_MOVE = YES;
				CLANG_WARN_UNGUARDED_AVAILABILITY = YES_AGGRESSIVE;
				CLANG_WARN_UNREACHABLE_CODE = YES;
				CLANG_WARN__DUPLICATE_METHOD_MATCH = YES;
				COPY_PHASE_STRIP = NO;
				DEBUG_INFORMATION_FORMAT = "dwarf-with-dsym";
				ENABLE_NS_ASSERTIONS = NO;
				ENABLE_STRICT_OBJC_MSGSEND = YES;
				GCC_C_LANGUAGE_STANDARD = gnu11;
				GCC_NO_COMMON_BLOCKS = YES;
				GCC_WARN_64_TO_32_BIT_CONVERSION = YES;
				GCC_WARN_ABOUT_RETURN_TYPE = YES_ERROR;
				GCC_WARN_UNDECLARED_SELECTOR = YES;
				GCC_WARN_UNINITIALIZED_AUTOS = YES_AGGRESSIVE;
				GCC_WARN_UNUSED_FUNCTION = YES;
				GCC_WARN_UNUSED_VARIABLE = YES;
				IPHONEOS_DEPLOYMENT_TARGET = 15.4;
				MTL_ENABLE_DEBUG_INFO = NO;
				MTL_FAST_MATH = YES;
				SDKROOT = iphoneos;
				SWIFT_COMPILATION_MODE = wholemodule;
				SWIFT_OPTIMIZATION_LEVEL = "-O";
				VALIDATE_PRODUCT = YES;
			};
			name = Release;
		};
		D1C1AD3C2801B28900DB3375 /* Debug */ = {
			isa = XCBuildConfiguration;
			buildSettings = {
				ASSETCATALOG_COMPILER_APPICON_NAME = AppIcon;
				ASSETCATALOG_COMPILER_GLOBAL_ACCENT_COLOR_NAME = AccentColor;
				CODE_SIGN_STYLE = Automatic;
				CURRENT_PROJECT_VERSION = 1;
				DEVELOPMENT_TEAM = Z445WR9458;
				GENERATE_INFOPLIST_FILE = YES;
				INFOPLIST_FILE = DogFacts/Info.plist;
				INFOPLIST_KEY_UIApplicationSupportsIndirectInputEvents = YES;
				INFOPLIST_KEY_UILaunchStoryboardName = LaunchScreen;
				INFOPLIST_KEY_UIMainStoryboardFile = Main;
				INFOPLIST_KEY_UISupportedInterfaceOrientations = UIInterfaceOrientationPortrait;
				INFOPLIST_KEY_UISupportedInterfaceOrientations_iPad = "UIInterfaceOrientationPortrait UIInterfaceOrientationPortraitUpsideDown UIInterfaceOrientationLandscapeLeft UIInterfaceOrientationLandscapeRight";
				INFOPLIST_KEY_UISupportedInterfaceOrientations_iPhone = UIInterfaceOrientationPortrait;
				LD_RUNPATH_SEARCH_PATHS = (
					"$(inherited)",
					"@executable_path/Frameworks",
				);
				MARKETING_VERSION = 1.0;
				PRODUCT_BUNDLE_IDENTIFIER = "Konstantin-Fomenkov.DogFacts";
				PRODUCT_NAME = "$(TARGET_NAME)";
				SWIFT_EMIT_LOC_STRINGS = YES;
				SWIFT_VERSION = 5.0;
				TARGETED_DEVICE_FAMILY = 1;
			};
			name = Debug;
		};
		D1C1AD3D2801B28900DB3375 /* Release */ = {
			isa = XCBuildConfiguration;
			buildSettings = {
				ASSETCATALOG_COMPILER_APPICON_NAME = AppIcon;
				ASSETCATALOG_COMPILER_GLOBAL_ACCENT_COLOR_NAME = AccentColor;
				CODE_SIGN_STYLE = Automatic;
				CURRENT_PROJECT_VERSION = 1;
				DEVELOPMENT_TEAM = Z445WR9458;
				GENERATE_INFOPLIST_FILE = YES;
				INFOPLIST_FILE = DogFacts/Info.plist;
				INFOPLIST_KEY_UIApplicationSupportsIndirectInputEvents = YES;
				INFOPLIST_KEY_UILaunchStoryboardName = LaunchScreen;
				INFOPLIST_KEY_UIMainStoryboardFile = Main;
				INFOPLIST_KEY_UISupportedInterfaceOrientations = UIInterfaceOrientationPortrait;
				INFOPLIST_KEY_UISupportedInterfaceOrientations_iPad = "UIInterfaceOrientationPortrait UIInterfaceOrientationPortraitUpsideDown UIInterfaceOrientationLandscapeLeft UIInterfaceOrientationLandscapeRight";
				INFOPLIST_KEY_UISupportedInterfaceOrientations_iPhone = UIInterfaceOrientationPortrait;
				LD_RUNPATH_SEARCH_PATHS = (
					"$(inherited)",
					"@executable_path/Frameworks",
				);
				MARKETING_VERSION = 1.0;
				PRODUCT_BUNDLE_IDENTIFIER = "Konstantin-Fomenkov.DogFacts";
				PRODUCT_NAME = "$(TARGET_NAME)";
				SWIFT_EMIT_LOC_STRINGS = YES;
				SWIFT_VERSION = 5.0;
				TARGETED_DEVICE_FAMILY = 1;
			};
			name = Release;
		};
/* End XCBuildConfiguration section */

/* Begin XCConfigurationList section */
		D1C1AD222801B28500DB3375 /* Build configuration list for PBXProject "DogFacts" */ = {
			isa = XCConfigurationList;
			buildConfigurations = (
				D1C1AD392801B28900DB3375 /* Debug */,
				D1C1AD3A2801B28900DB3375 /* Release */,
			);
			defaultConfigurationIsVisible = 0;
			defaultConfigurationName = Release;
		};
		D1C1AD3B2801B28900DB3375 /* Build configuration list for PBXNativeTarget "DogFacts" */ = {
			isa = XCConfigurationList;
			buildConfigurations = (
				D1C1AD3C2801B28900DB3375 /* Debug */,
				D1C1AD3D2801B28900DB3375 /* Release */,
			);
			defaultConfigurationIsVisible = 0;
			defaultConfigurationName = Release;
		};
/* End XCConfigurationList section */
	};
	rootObject = D1C1AD1F2801B28500DB3375 /* Project object */;
}
